// !$*UTF8*$!
{
	archiveVersion = 1;
	classes = {
	};
	objectVersion = 77;
	objects = {

/* Begin PBXContainerItemProxy section */
		180F2DFA2D6EBC87004219CB /* PBXContainerItemProxy */ = {
			isa = PBXContainerItemProxy;
			containerPortal = 180F2DDB2D6EBC86004219CB /* Project object */;
			proxyType = 1;
			remoteGlobalIDString = 180F2DE22D6EBC86004219CB;
			remoteInfo = UIKitSurvey;
		};
		180F2E042D6EBC87004219CB /* PBXContainerItemProxy */ = {
			isa = PBXContainerItemProxy;
			containerPortal = 180F2DDB2D6EBC86004219CB /* Project object */;
			proxyType = 1;
			remoteGlobalIDString = 180F2DE22D6EBC86004219CB;
			remoteInfo = UIKitSurvey;
		};
/* End PBXContainerItemProxy section */

/* Begin PBXFileReference section */
		180F2DE32D6EBC86004219CB /* UIKitSurvey.app */ = {isa = PBXFileReference; explicitFileType = wrapper.application; includeInIndex = 0; path = UIKitSurvey.app; sourceTree = BUILT_PRODUCTS_DIR; };
		180F2DF92D6EBC87004219CB /* UIKitSurveyTests.xctest */ = {isa = PBXFileReference; explicitFileType = wrapper.cfbundle; includeInIndex = 0; path = UIKitSurveyTests.xctest; sourceTree = BUILT_PRODUCTS_DIR; };
		180F2E032D6EBC87004219CB /* UIKitSurveyUITests.xctest */ = {isa = PBXFileReference; explicitFileType = wrapper.cfbundle; includeInIndex = 0; path = UIKitSurveyUITests.xctest; sourceTree = BUILT_PRODUCTS_DIR; };
/* End PBXFileReference section */

/* Begin PBXFileSystemSynchronizedBuildFileExceptionSet section */
		180F2E0B2D6EBC87004219CB /* Exceptions for "UIKitSurvey" folder in "UIKitSurvey" target */ = {
			isa = PBXFileSystemSynchronizedBuildFileExceptionSet;
			membershipExceptions = (
				Info.plist,
			);
			target = 180F2DE22D6EBC86004219CB /* UIKitSurvey */;
		};
/* End PBXFileSystemSynchronizedBuildFileExceptionSet section */

/* Begin PBXFileSystemSynchronizedRootGroup section */
		180F2DE52D6EBC86004219CB /* UIKitSurvey */ = {
			isa = PBXFileSystemSynchronizedRootGroup;
			exceptions = (
				180F2E0B2D6EBC87004219CB /* Exceptions for "UIKitSurvey" folder in "UIKitSurvey" target */,
			);
			path = UIKitSurvey;
			sourceTree = "<group>";
		};
		180F2DFC2D6EBC87004219CB /* UIKitSurveyTests */ = {
			isa = PBXFileSystemSynchronizedRootGroup;
			path = UIKitSurveyTests;
			sourceTree = "<group>";
		};
		180F2E062D6EBC87004219CB /* UIKitSurveyUITests */ = {
			isa = PBXFileSystemSynchronizedRootGroup;
			path = UIKitSurveyUITests;
			sourceTree = "<group>";
		};
/* End PBXFileSystemSynchronizedRootGroup section */

/* Begin PBXFrameworksBuildPhase section */
		180F2DE02D6EBC86004219CB /* Frameworks */ = {
			isa = PBXFrameworksBuildPhase;
			buildActionMask = 2147483647;
			files = (
			);
			runOnlyForDeploymentPostprocessing = 0;
		};
		180F2DF62D6EBC87004219CB /* Frameworks */ = {
			isa = PBXFrameworksBuildPhase;
			buildActionMask = 2147483647;
			files = (
			);
			runOnlyForDeploymentPostprocessing = 0;
		};
		180F2E002D6EBC87004219CB /* Frameworks */ = {
			isa = PBXFrameworksBuildPhase;
			buildActionMask = 2147483647;
			files = (
			);
			runOnlyForDeploymentPostprocessing = 0;
		};
/* End PBXFrameworksBuildPhase section */

/* Begin PBXGroup section */
		180F2DDA2D6EBC86004219CB = {
			isa = PBXGroup;
			children = (
				180F2DE52D6EBC86004219CB /* UIKitSurvey */,
				180F2DFC2D6EBC87004219CB /* UIKitSurveyTests */,
				180F2E062D6EBC87004219CB /* UIKitSurveyUITests */,
				180F2DE42D6EBC86004219CB /* Products */,
			);
			sourceTree = "<group>";
		};
		180F2DE42D6EBC86004219CB /* Products */ = {
			isa = PBXGroup;
			children = (
				180F2DE32D6EBC86004219CB /* UIKitSurvey.app */,
				180F2DF92D6EBC87004219CB /* UIKitSurveyTests.xctest */,
				180F2E032D6EBC87004219CB /* UIKitSurveyUITests.xctest */,
			);
			name = Products;
			sourceTree = "<group>";
		};
/* End PBXGroup section */

/* Begin PBXNativeTarget section */
		180F2DE22D6EBC86004219CB /* UIKitSurvey */ = {
			isa = PBXNativeTarget;
			buildConfigurationList = 180F2E0C2D6EBC87004219CB /* Build configuration list for PBXNativeTarget "UIKitSurvey" */;
			buildPhases = (
				180F2DDF2D6EBC86004219CB /* Sources */,
				180F2DE02D6EBC86004219CB /* Frameworks */,
				180F2DE12D6EBC86004219CB /* Resources */,
			);
			buildRules = (
			);
			dependencies = (
			);
			fileSystemSynchronizedGroups = (
				180F2DE52D6EBC86004219CB /* UIKitSurvey */,
			);
			name = UIKitSurvey;
			packageProductDependencies = (
			);
			productName = UIKitSurvey;
			productReference = 180F2DE32D6EBC86004219CB /* UIKitSurvey.app */;
			productType = "com.apple.product-type.application";
		};
		180F2DF82D6EBC87004219CB /* UIKitSurveyTests */ = {
			isa = PBXNativeTarget;
			buildConfigurationList = 180F2E112D6EBC87004219CB /* Build configuration list for PBXNativeTarget "UIKitSurveyTests" */;
			buildPhases = (
				180F2DF52D6EBC87004219CB /* Sources */,
				180F2DF62D6EBC87004219CB /* Frameworks */,
				180F2DF72D6EBC87004219CB /* Resources */,
			);
			buildRules = (
			);
			dependencies = (
				180F2DFB2D6EBC87004219CB /* PBXTargetDependency */,
			);
			fileSystemSynchronizedGroups = (
				180F2DFC2D6EBC87004219CB /* UIKitSurveyTests */,
			);
			name = UIKitSurveyTests;
			packageProductDependencies = (
			);
			productName = UIKitSurveyTests;
			productReference = 180F2DF92D6EBC87004219CB /* UIKitSurveyTests.xctest */;
			productType = "com.apple.product-type.bundle.unit-test";
		};
		180F2E022D6EBC87004219CB /* UIKitSurveyUITests */ = {
			isa = PBXNativeTarget;
			buildConfigurationList = 180F2E142D6EBC87004219CB /* Build configuration list for PBXNativeTarget "UIKitSurveyUITests" */;
			buildPhases = (
				180F2DFF2D6EBC87004219CB /* Sources */,
				180F2E002D6EBC87004219CB /* Frameworks */,
				180F2E012D6EBC87004219CB /* Resources */,
			);
			buildRules = (
			);
			dependencies = (
				180F2E052D6EBC87004219CB /* PBXTargetDependency */,
			);
			fileSystemSynchronizedGroups = (
				180F2E062D6EBC87004219CB /* UIKitSurveyUITests */,
			);
			name = UIKitSurveyUITests;
			packageProductDependencies = (
			);
			productName = UIKitSurveyUITests;
			productReference = 180F2E032D6EBC87004219CB /* UIKitSurveyUITests.xctest */;
			productType = "com.apple.product-type.bundle.ui-testing";
		};
/* End PBXNativeTarget section */

/* Begin PBXProject section */
		180F2DDB2D6EBC86004219CB /* Project object */ = {
			isa = PBXProject;
			attributes = {
				BuildIndependentTargetsInParallel = 1;
				LastSwiftUpdateCheck = 1620;
				LastUpgradeCheck = 1620;
				TargetAttributes = {
					180F2DE22D6EBC86004219CB = {
						CreatedOnToolsVersion = 16.2;
					};
					180F2DF82D6EBC87004219CB = {
						CreatedOnToolsVersion = 16.2;
						TestTargetID = 180F2DE22D6EBC86004219CB;
					};
					180F2E022D6EBC87004219CB = {
						CreatedOnToolsVersion = 16.2;
						TestTargetID = 180F2DE22D6EBC86004219CB;
					};
				};
			};
			buildConfigurationList = 180F2DDE2D6EBC86004219CB /* Build configuration list for PBXProject "UIKitSurvey" */;
			developmentRegion = en;
			hasScannedForEncodings = 0;
			knownRegions = (
				en,
				Base,
			);
			mainGroup = 180F2DDA2D6EBC86004219CB;
			minimizedProjectReferenceProxies = 1;
			preferredProjectObjectVersion = 77;
			productRefGroup = 180F2DE42D6EBC86004219CB /* Products */;
			projectDirPath = "";
			projectRoot = "";
			targets = (
				180F2DE22D6EBC86004219CB /* UIKitSurvey */,
				180F2DF82D6EBC87004219CB /* UIKitSurveyTests */,
				180F2E022D6EBC87004219CB /* UIKitSurveyUITests */,
			);
		};
/* End PBXProject section */

/* Begin PBXResourcesBuildPhase section */
		180F2DE12D6EBC86004219CB /* Resources */ = {
			isa = PBXResourcesBuildPhase;
			buildActionMask = 2147483647;
			files = (
			);
			runOnlyForDeploymentPostprocessing = 0;
		};
		180F2DF72D6EBC87004219CB /* Resources */ = {
			isa = PBXResourcesBuildPhase;
			buildActionMask = 2147483647;
			files = (
			);
			runOnlyForDeploymentPostprocessing = 0;
		};
		180F2E012D6EBC87004219CB /* Resources */ = {
			isa = PBXResourcesBuildPhase;
			buildActionMask = 2147483647;
			files = (
			);
			runOnlyForDeploymentPostprocessing = 0;
		};
/* End PBXResourcesBuildPhase section */

/* Begin PBXSourcesBuildPhase section */
		180F2DDF2D6EBC86004219CB /* Sources */ = {
			isa = PBXSourcesBuildPhase;
			buildActionMask = 2147483647;
			files = (
			);
			runOnlyForDeploymentPostprocessing = 0;
		};
		180F2DF52D6EBC87004219CB /* Sources */ = {
			isa = PBXSourcesBuildPhase;
			buildActionMask = 2147483647;
			files = (
			);
			runOnlyForDeploymentPostprocessing = 0;
		};
		180F2DFF2D6EBC87004219CB /* Sources */ = {
			isa = PBXSourcesBuildPhase;
			buildActionMask = 2147483647;
			files = (
			);
			runOnlyForDeploymentPostprocessing = 0;
		};
/* End PBXSourcesBuildPhase section */

/* Begin PBXTargetDependency section */
		180F2DFB2D6EBC87004219CB /* PBXTargetDependency */ = {
			isa = PBXTargetDependency;
			target = 180F2DE22D6EBC86004219CB /* UIKitSurvey */;
			targetProxy = 180F2DFA2D6EBC87004219CB /* PBXContainerItemProxy */;
		};
		180F2E052D6EBC87004219CB /* PBXTargetDependency */ = {
			isa = PBXTargetDependency;
			target = 180F2DE22D6EBC86004219CB /* UIKitSurvey */;
			targetProxy = 180F2E042D6EBC87004219CB /* PBXContainerItemProxy */;
		};
/* End PBXTargetDependency section */

/* Begin XCBuildConfiguration section */
		180F2E0D2D6EBC87004219CB /* Debug */ = {
			isa = XCBuildConfiguration;
			buildSettings = {
				ASSETCATALOG_COMPILER_APPICON_NAME = AppIcon;
				ASSETCATALOG_COMPILER_GLOBAL_ACCENT_COLOR_NAME = AccentColor;
				CODE_SIGN_STYLE = Automatic;
				CURRENT_PROJECT_VERSION = 1;
				GENERATE_INFOPLIST_FILE = YES;
				INFOPLIST_FILE = UIKitSurvey/Info.plist;
				INFOPLIST_KEY_UIApplicationSupportsIndirectInputEvents = YES;
				INFOPLIST_KEY_UILaunchStoryboardName = LaunchScreen;
				INFOPLIST_KEY_UIMainStoryboardFile = Main;
				INFOPLIST_KEY_UISupportedInterfaceOrientations_iPad = "UIInterfaceOrientationPortrait UIInterfaceOrientationPortraitUpsideDown UIInterfaceOrientationLandscapeLeft UIInterfaceOrientationLandscapeRight";
				INFOPLIST_KEY_UISupportedInterfaceOrientations_iPhone = "UIInterfaceOrientationPortrait UIInterfaceOrientationLandscapeLeft UIInterfaceOrientationLandscapeRight";
				LD_RUNPATH_SEARCH_PATHS = (
					"$(inherited)",
					"@executable_path/Frameworks",
				);
				MARKETING_VERSION = 1.0;
				PRODUCT_BUNDLE_IDENTIFIER = com.example.UIKitSurvey;
				PRODUCT_NAME = "$(TARGET_NAME)";
				SWIFT_EMIT_LOC_STRINGS = YES;
				SWIFT_VERSION = 5.0;
				TARGETED_DEVICE_FAMILY = "1,2";
			};
			name = Debug;
		};
		180F2E0E2D6EBC87004219CB /* Release */ = {
			isa = XCBuildConfiguration;
			buildSettings = {
				ASSETCATALOG_COMPILER_APPICON_NAME = AppIcon;
				ASSETCATALOG_COMPILER_GLOBAL_ACCENT_COLOR_NAME = AccentColor;
				CODE_SIGN_STYLE = Automatic;
				CURRENT_PROJECT_VERSION = 1;
				GENERATE_INFOPLIST_FILE = YES;
				INFOPLIST_FILE = UIKitSurvey/Info.plist;
				INFOPLIST_KEY_UIApplicationSupportsIndirectInputEvents = YES;
				INFOPLIST_KEY_UILaunchStoryboardName = LaunchScreen;
				INFOPLIST_KEY_UIMainStoryboardFile = Main;
				INFOPLIST_KEY_UISupportedInterfaceOrientations_iPad = "UIInterfaceOrientationPortrait UIInterfaceOrientationPortraitUpsideDown UIInterfaceOrientationLandscapeLeft UIInterfaceOrientationLandscapeRight";
				INFOPLIST_KEY_UISupportedInterfaceOrientations_iPhone = "UIInterfaceOrientationPortrait UIInterfaceOrientationLandscapeLeft UIInterfaceOrientationLandscapeRight";
				LD_RUNPATH_SEARCH_PATHS = (
					"$(inherited)",
					"@executable_path/Frameworks",
				);
				MARKETING_VERSION = 1.0;
				PRODUCT_BUNDLE_IDENTIFIER = com.example.UIKitSurvey;
				PRODUCT_NAME = "$(TARGET_NAME)";
				SWIFT_EMIT_LOC_STRINGS = YES;
				SWIFT_VERSION = 5.0;
				TARGETED_DEVICE_FAMILY = "1,2";
			};
			name = Release;
		};
		180F2E0F2D6EBC87004219CB /* Debug */ = {
			isa = XCBuildConfiguration;
			buildSettings = {
				ALWAYS_SEARCH_USER_PATHS = NO;
				ASSETCATALOG_COMPILER_GENERATE_SWIFT_ASSET_SYMBOL_EXTENSIONS = YES;
				CLANG_ANALYZER_NONNULL = YES;
				CLANG_ANALYZER_NUMBER_OBJECT_CONVERSION = YES_AGGRESSIVE;
				CLANG_CXX_LANGUAGE_STANDARD = "gnu++20";
				CLANG_ENABLE_MODULES = YES;
				CLANG_ENABLE_OBJC_ARC = YES;
				CLANG_ENABLE_OBJC_WEAK = YES;
				CLANG_WARN_BLOCK_CAPTURE_AUTORELEASING = YES;
				CLANG_WARN_BOOL_CONVERSION = YES;
				CLANG_WARN_COMMA = YES;
				CLANG_WARN_CONSTANT_CONVERSION = YES;
				CLANG_WARN_DEPRECATED_OBJC_IMPLEMENTATIONS = YES;
				CLANG_WARN_DIRECT_OBJC_ISA_USAGE = YES_ERROR;
				CLANG_WARN_DOCUMENTATION_COMMENTS = YES;
				CLANG_WARN_EMPTY_BODY = YES;
				CLANG_WARN_ENUM_CONVERSION = YES;
				CLANG_WARN_INFINITE_RECURSION = YES;
				CLANG_WARN_INT_CONVERSION = YES;
				CLANG_WARN_NON_LITERAL_NULL_CONVERSION = YES;
				CLANG_WARN_OBJC_IMPLICIT_RETAIN_SELF = YES;
				CLANG_WARN_OBJC_LITERAL_CONVERSION = YES;
				CLANG_WARN_OBJC_ROOT_CLASS = YES_ERROR;
				CLANG_WARN_QUOTED_INCLUDE_IN_FRAMEWORK_HEADER = YES;
				CLANG_WARN_RANGE_LOOP_ANALYSIS = YES;
				CLANG_WARN_STRICT_PROTOTYPES = YES;
				CLANG_WARN_SUSPICIOUS_MOVE = YES;
				CLANG_WARN_UNGUARDED_AVAILABILITY = YES_AGGRESSIVE;
				CLANG_WARN_UNREACHABLE_CODE = YES;
				CLANG_WARN__DUPLICATE_METHOD_MATCH = YES;
				COPY_PHASE_STRIP = NO;
				DEBUG_INFORMATION_FORMAT = dwarf;
				ENABLE_STRICT_OBJC_MSGSEND = YES;
				ENABLE_TESTABILITY = YES;
				ENABLE_USER_SCRIPT_SANDBOXING = YES;
				GCC_C_LANGUAGE_STANDARD = gnu17;
				GCC_DYNAMIC_NO_PIC = NO;
				GCC_NO_COMMON_BLOCKS = YES;
				GCC_OPTIMIZATION_LEVEL = 0;
				GCC_PREPROCESSOR_DEFINITIONS = (
					"DEBUG=1",
					"$(inherited)",
				);
				GCC_WARN_64_TO_32_BIT_CONVERSION = YES;
				GCC_WARN_ABOUT_RETURN_TYPE = YES_ERROR;
				GCC_WARN_UNDECLARED_SELECTOR = YES;
				GCC_WARN_UNINITIALIZED_AUTOS = YES_AGGRESSIVE;
				GCC_WARN_UNUSED_FUNCTION = YES;
				GCC_WARN_UNUSED_VARIABLE = YES;
				IPHONEOS_DEPLOYMENT_TARGET = 18.2;
				LOCALIZATION_PREFERS_STRING_CATALOGS = YES;
				MTL_ENABLE_DEBUG_INFO = INCLUDE_SOURCE;
				MTL_FAST_MATH = YES;
				ONLY_ACTIVE_ARCH = YES;
				SDKROOT = iphoneos;
				SWIFT_ACTIVE_COMPILATION_CONDITIONS = "DEBUG $(inherited)";
				SWIFT_OPTIMIZATION_LEVEL = "-Onone";
			};
			name = Debug;
		};
		180F2E102D6EBC87004219CB /* Release */ = {
			isa = XCBuildConfiguration;
			buildSettings = {
				ALWAYS_SEARCH_USER_PATHS = NO;
				ASSETCATALOG_COMPILER_GENERATE_SWIFT_ASSET_SYMBOL_EXTENSIONS = YES;
				CLANG_ANALYZER_NONNULL = YES;
				CLANG_ANALYZER_NUMBER_OBJECT_CONVERSION = YES_AGGRESSIVE;
				CLANG_CXX_LANGUAGE_STANDARD = "gnu++20";
				CLANG_ENABLE_MODULES = YES;
				CLANG_ENABLE_OBJC_ARC = YES;
				CLANG_ENABLE_OBJC_WEAK = YES;
				CLANG_WARN_BLOCK_CAPTURE_AUTORELEASING = YES;
				CLANG_WARN_BOOL_CONVERSION = YES;
				CLANG_WARN_COMMA = YES;
				CLANG_WARN_CONSTANT_CONVERSION = YES;
				CLANG_WARN_DEPRECATED_OBJC_IMPLEMENTATIONS = YES;
				CLANG_WARN_DIRECT_OBJC_ISA_USAGE = YES_ERROR;
				CLANG_WARN_DOCUMENTATION_COMMENTS = YES;
				CLANG_WARN_EMPTY_BODY = YES;
				CLANG_WARN_ENUM_CONVERSION = YES;
				CLANG_WARN_INFINITE_RECURSION = YES;
				CLANG_WARN_INT_CONVERSION = YES;
				CLANG_WARN_NON_LITERAL_NULL_CONVERSION = YES;
				CLANG_WARN_OBJC_IMPLICIT_RETAIN_SELF = YES;
				CLANG_WARN_OBJC_LITERAL_CONVERSION = YES;
				CLANG_WARN_OBJC_ROOT_CLASS = YES_ERROR;
				CLANG_WARN_QUOTED_INCLUDE_IN_FRAMEWORK_HEADER = YES;
				CLANG_WARN_RANGE_LOOP_ANALYSIS = YES;
				CLANG_WARN_STRICT_PROTOTYPES = YES;
				CLANG_WARN_SUSPICIOUS_MOVE = YES;
				CLANG_WARN_UNGUARDED_AVAILABILITY = YES_AGGRESSIVE;
				CLANG_WARN_UNREACHABLE_CODE = YES;
				CLANG_WARN__DUPLICATE_METHOD_MATCH = YES;
				COPY_PHASE_STRIP = NO;
				DEBUG_INFORMATION_FORMAT = "dwarf-with-dsym";
				ENABLE_NS_ASSERTIONS = NO;
				ENABLE_STRICT_OBJC_MSGSEND = YES;
				ENABLE_USER_SCRIPT_SANDBOXING = YES;
				GCC_C_LANGUAGE_STANDARD = gnu17;
				GCC_NO_COMMON_BLOCKS = YES;
				GCC_WARN_64_TO_32_BIT_CONVERSION = YES;
				GCC_WARN_ABOUT_RETURN_TYPE = YES_ERROR;
				GCC_WARN_UNDECLARED_SELECTOR = YES;
				GCC_WARN_UNINITIALIZED_AUTOS = YES_AGGRESSIVE;
				GCC_WARN_UNUSED_FUNCTION = YES;
				GCC_WARN_UNUSED_VARIABLE = YES;
				IPHONEOS_DEPLOYMENT_TARGET = 18.2;
				LOCALIZATION_PREFERS_STRING_CATALOGS = YES;
				MTL_ENABLE_DEBUG_INFO = NO;
				MTL_FAST_MATH = YES;
				SDKROOT = iphoneos;
				SWIFT_COMPILATION_MODE = wholemodule;
				VALIDATE_PRODUCT = YES;
			};
			name = Release;
		};
		180F2E122D6EBC87004219CB /* Debug */ = {
			isa = XCBuildConfiguration;
			buildSettings = {
				BUNDLE_LOADER = "$(TEST_HOST)";
				CODE_SIGN_STYLE = Automatic;
				CURRENT_PROJECT_VERSION = 1;
				GENERATE_INFOPLIST_FILE = YES;
				IPHONEOS_DEPLOYMENT_TARGET = 18.2;
				MARKETING_VERSION = 1.0;
				PRODUCT_BUNDLE_IDENTIFIER = com.example.UIKitSurveyTests;
				PRODUCT_NAME = "$(TARGET_NAME)";
				SWIFT_EMIT_LOC_STRINGS = NO;
				SWIFT_VERSION = 5.0;
				TARGETED_DEVICE_FAMILY = "1,2";
				TEST_HOST = "$(BUILT_PRODUCTS_DIR)/UIKitSurvey.app/$(BUNDLE_EXECUTABLE_FOLDER_PATH)/UIKitSurvey";
			};
			name = Debug;
		};
		180F2E132D6EBC87004219CB /* Release */ = {
			isa = XCBuildConfiguration;
			buildSettings = {
				BUNDLE_LOADER = "$(TEST_HOST)";
				CODE_SIGN_STYLE = Automatic;
				CURRENT_PROJECT_VERSION = 1;
				GENERATE_INFOPLIST_FILE = YES;
				IPHONEOS_DEPLOYMENT_TARGET = 18.2;
				MARKETING_VERSION = 1.0;
				PRODUCT_BUNDLE_IDENTIFIER = com.example.UIKitSurveyTests;
				PRODUCT_NAME = "$(TARGET_NAME)";
				SWIFT_EMIT_LOC_STRINGS = NO;
				SWIFT_VERSION = 5.0;
				TARGETED_DEVICE_FAMILY = "1,2";
				TEST_HOST = "$(BUILT_PRODUCTS_DIR)/UIKitSurvey.app/$(BUNDLE_EXECUTABLE_FOLDER_PATH)/UIKitSurvey";
			};
			name = Release;
		};
		180F2E152D6EBC87004219CB /* Debug */ = {
			isa = XCBuildConfiguration;
			buildSettings = {
				CODE_SIGN_STYLE = Automatic;
				CURRENT_PROJECT_VERSION = 1;
				GENERATE_INFOPLIST_FILE = YES;
				MARKETING_VERSION = 1.0;
				PRODUCT_BUNDLE_IDENTIFIER = com.example.UIKitSurveyUITests;
				PRODUCT_NAME = "$(TARGET_NAME)";
				SWIFT_EMIT_LOC_STRINGS = NO;
				SWIFT_VERSION = 5.0;
				TARGETED_DEVICE_FAMILY = "1,2";
				TEST_TARGET_NAME = UIKitSurvey;
			};
			name = Debug;
		};
		180F2E162D6EBC87004219CB /* Release */ = {
			isa = XCBuildConfiguration;
			buildSettings = {
				CODE_SIGN_STYLE = Automatic;
				CURRENT_PROJECT_VERSION = 1;
				GENERATE_INFOPLIST_FILE = YES;
				MARKETING_VERSION = 1.0;
				PRODUCT_BUNDLE_IDENTIFIER = com.example.UIKitSurveyUITests;
				PRODUCT_NAME = "$(TARGET_NAME)";
				SWIFT_EMIT_LOC_STRINGS = NO;
				SWIFT_VERSION = 5.0;
				TARGETED_DEVICE_FAMILY = "1,2";
				TEST_TARGET_NAME = UIKitSurvey;
			};
			name = Release;
		};
/* End XCBuildConfiguration section */

/* Begin XCConfigurationList section */
		180F2DDE2D6EBC86004219CB /* Build configuration list for PBXProject "UIKitSurvey" */ = {
			isa = XCConfigurationList;
			buildConfigurations = (
				180F2E0F2D6EBC87004219CB /* Debug */,
				180F2E102D6EBC87004219CB /* Release */,
			);
			defaultConfigurationIsVisible = 0;
			defaultConfigurationName = Release;
		};
		180F2E0C2D6EBC87004219CB /* Build configuration list for PBXNativeTarget "UIKitSurvey" */ = {
			isa = XCConfigurationList;
			buildConfigurations = (
				180F2E0D2D6EBC87004219CB /* Debug */,
				180F2E0E2D6EBC87004219CB /* Release */,
			);
			defaultConfigurationIsVisible = 0;
			defaultConfigurationName = Release;
		};
		180F2E112D6EBC87004219CB /* Build configuration list for PBXNativeTarget "UIKitSurveyTests" */ = {
			isa = XCConfigurationList;
			buildConfigurations = (
				180F2E122D6EBC87004219CB /* Debug */,
				180F2E132D6EBC87004219CB /* Release */,
			);
			defaultConfigurationIsVisible = 0;
			defaultConfigurationName = Release;
		};
		180F2E142D6EBC87004219CB /* Build configuration list for PBXNativeTarget "UIKitSurveyUITests" */ = {
			isa = XCConfigurationList;
			buildConfigurations = (
				180F2E152D6EBC87004219CB /* Debug */,
				180F2E162D6EBC87004219CB /* Release */,
			);
			defaultConfigurationIsVisible = 0;
			defaultConfigurationName = Release;
		};
/* End XCConfigurationList section */
	};
	rootObject = 180F2DDB2D6EBC86004219CB /* Project object */;
}
